lockfileVersion: 5.4

specifiers:
  '@types/events': ^3.0.0
  events: ^3.3.0
  typescript: ^4.8.4

devDependencies:
  '@types/events': registry.npmmirror.com/@types/events/3.0.0
  events: registry.npmmirror.com/events/3.3.0
  typescript: registry.npmmirror.com/typescript/4.8.4

packages:

  registry.npmmirror.com/@types/events/3.0.0:
    resolution: {integrity: sha512-EaObqwIvayI5a8dCzhFrjKzVwKLxjoG9T6Ppd5CEo07LRKfQ8Yokw54r5+Wq7FaBQ+yXRvQAYPrHwya1/UFt9g==, registry: https://registry.npm.taobao.org/, tarball: https://registry.npmmirror.com/@types/events/-/events-3.0.0.tgz}
    name: '@types/events'
    version: 3.0.0
    dev: true

  registry.npmmirror.com/events/3.3.0:
    resolution: {integrity: sha512-mQw+2fkQbALzQ7V0MY0IqdnXNOeTtP4r0lN9z7AAawCXgqea7bDii20AYrIBrFd/Hx0M2Ocz6S111CaFkUcb0Q==, registry: https://registry.npm.taobao.org/, tarball: https://registry.npmmirror.com/events/-/events-3.3.0.tgz}
    name: events
    version: 3.3.0
    engines: {node: '>=0.8.x'}
    dev: true

  registry.npmmirror.com/typescript/4.8.4:
    resolution: {integrity: sha512-QCh+85mCy+h0IGff8r5XWzOVSbBO+KfeYrMQh7NJ58QujwcE22u+NUSmUxqF+un70P9GXKxa2HCNiTTMJknyjQ==, registry: https://registry.npm.taobao.org/, tarball: https://registry.npmmirror.com/typescript/-/typescript-4.8.4.tgz}
    name: typescript
    version: 4.8.4
    engines: {node: '>=4.2.0'}
    hasBin: true
    dev: true
